
Microsoft Visual Studio Solution File, Format Version 12.00
# Visual Studio Version 16
VisualStudioVersion = 16.0.30517.126
MinimumVisualStudioVersion = 10.0.40219.1
Project("{FAE04EC0-301F-11D3-BF4B-00C04F79EFBC}") = "Online_bookstore", "Online_bookstore\Online_bookstore.csproj", "{9DC75811-C391-4901-B7A8-1B99D365A9A7}"
EndProject
Global
	GlobalSection(SolutionConfigurationPlatforms) = preSolution
		Debug|Any CPU = Debug|Any CPU
		Release|Any CPU = Release|Any CPU
	EndGlobalSection
	GlobalSection(ProjectConfigurationPlatforms) = postSolution
		{9DC75811-C391-4901-B7A8-1B99D365A9A7}.Debug|Any CPU.ActiveCfg = Debug|Any CPU
		{9DC75811-C391-4901-B7A8-1B99D365A9A7}.Debug|Any CPU.Build.0 = Debug|Any CPU
		{9DC75811-C391-4901-B7A8-1B99D365A9A7}.Release|Any CPU.ActiveCfg = Release|Any CPU
		{9DC75811-C391-4901-B7A8-1B99D365A9A7}.Release|Any CPU.Build.0 = Release|Any CPU
	EndGlobalSection
	GlobalSection(SolutionProperties) = preSolution
		HideSolutionNode = FALSE
	EndGlobalSection
	GlobalSection(ExtensibilityGlobals) = postSolution
		SolutionGuid = {4720FE85-874E-40DA-9337-B80854164DA7}
	EndGlobalSection
EndGlobal
