
Microsoft Visual Studio Solution File, Format Version 12.00
# Visual Studio Version 16
VisualStudioVersion = 16.0.30517.126
MinimumVisualStudioVersion = 10.0.40219.1
Project("{FAE04EC0-301F-11D3-BF4B-00C04F79EFBC}") = "Family", "Famaily\Family.csproj", "{ECA1C743-DDF7-4D33-B3DB-3277F495BA16}"
EndProject
Global
	GlobalSection(SolutionConfigurationPlatforms) = preSolution
		Debug|Any CPU = Debug|Any CPU
		Release|Any CPU = Release|Any CPU
	EndGlobalSection
	GlobalSection(ProjectConfigurationPlatforms) = postSolution
		{ECA1C743-DDF7-4D33-B3DB-3277F495BA16}.Debug|Any CPU.ActiveCfg = Debug|Any CPU
		{ECA1C743-DDF7-4D33-B3DB-3277F495BA16}.Debug|Any CPU.Build.0 = Debug|Any CPU
		{ECA1C743-DDF7-4D33-B3DB-3277F495BA16}.Release|Any CPU.ActiveCfg = Release|Any CPU
		{ECA1C743-DDF7-4D33-B3DB-3277F495BA16}.Release|Any CPU.Build.0 = Release|Any CPU
	EndGlobalSection
	GlobalSection(SolutionProperties) = preSolution
		HideSolutionNode = FALSE
	EndGlobalSection
	GlobalSection(ExtensibilityGlobals) = postSolution
		SolutionGuid = {69A90380-8153-4EA2-9C7E-688B0D00E5A2}
	EndGlobalSection
EndGlobal
